
Microsoft Visual Studio Solution File, Format Version 12.00
# Visual Studio Version 17
VisualStudioVersion = 17.3.32929.385
MinimumVisualStudioVersion = 10.0.40219.1
Project("{FAE04EC0-301F-11D3-BF4B-00C04F79EFBC}") = "ColorButtons", "ColorButtons\ColorButtons.csproj", "{9BB2CD71-0C66-4BB4-855D-F98AC57930D7}"
EndProject
Global
	GlobalSection(SolutionConfigurationPlatforms) = preSolution
		Debug|Any CPU = Debug|Any CPU
		Release|Any CPU = Release|Any CPU
	EndGlobalSection
	GlobalSection(ProjectConfigurationPlatforms) = postSolution
		{9BB2CD71-0C66-4BB4-855D-F98AC57930D7}.Debug|Any CPU.ActiveCfg = Debug|Any CPU
		{9BB2CD71-0C66-4BB4-855D-F98AC57930D7}.Debug|Any CPU.Build.0 = Debug|Any CPU
		{9BB2CD71-0C66-4BB4-855D-F98AC57930D7}.Release|Any CPU.ActiveCfg = Release|Any CPU
		{9BB2CD71-0C66-4BB4-855D-F98AC57930D7}.Release|Any CPU.Build.0 = Release|Any CPU
	EndGlobalSection
	GlobalSection(SolutionProperties) = preSolution
		HideSolutionNode = FALSE
	EndGlobalSection
	GlobalSection(ExtensibilityGlobals) = postSolution
		SolutionGuid = {28227ACF-66CF-4394-AD82-C9DC163E61ED}
	EndGlobalSection
EndGlobal
